PODS:
  - CocoaLumberjack (3.4.2):
    - CocoaLumberjack/Default (= 3.4.2)
    - CocoaLumberjack/Extensions (= 3.4.2)
  - CocoaLumberjack/Default (3.4.2)
  - CocoaLumberjack/Extensions (3.4.2):
    - CocoaLumberjack/Default
  - SDWebImage/Core (5.0.0-beta3)
  - SDWebImageSVGCoder (0.1.0):
    - SDWebImage/Core (>= 5.0.0-beta2)
    - SVGKit (>= 2.x)
  - SVGKit (2.0.1):
    - CocoaLumberjack (~> 3.x)

DEPENDENCIES:
  - SDWebImageSVGCoder (from `../`)
  - SVGKit (from `https://github.com/SVGKit/SVGKit.git`, branch `2.x`)

SPEC REPOS:
  https://github.com/cocoapods/specs.git:
    - CocoaLumberjack
    - SDWebImage

EXTERNAL SOURCES:
  SDWebImageSVGCoder:
    :path: "../"
  SVGKit:
    :branch: 2.x
    :git: https://github.com/SVGKit/SVGKit.git

CHECKOUT OPTIONS:
  SVGKit:
    :commit: 733acf66e44a02396efc8a6f445d190af592d544
    :git: https://github.com/SVGKit/SVGKit.git

SPEC CHECKSUMS:
  CocoaLumberjack: db7cc9e464771f12054c22ff6947c5a58d43a0fd
  SDWebImage: e52654ceef9fdc19f4c612d64a5b6d3f05dd81a4
  SDWebImageSVGCoder: f2b3b74ff39acbb28f60c1dad2e0fd19fa04cb6c
  SVGKit: 4055d9e809b5db8633755979cfb3b02dc5a8c20d

PODFILE CHECKSUM: dc5153f27ba2a6dd43c49d8e0100b34b78f46730

COCOAPODS: 1.5.3
